
Microsoft Visual Studio Solution File, Format Version 11.00
# Visual Studio 2010
Project("{FAE04EC0-301F-11D3-BF4B-00C04F79EFBC}") = "Funciones CRUD", "Funciones CRUD\Funciones CRUD.csproj", "{705D9A4D-FEC4-4311-83E7-FE13D8126C31}"
EndProject
Global
	GlobalSection(SolutionConfigurationPlatforms) = preSolution
		Debug|x86 = Debug|x86
		Release|x86 = Release|x86
	EndGlobalSection
	GlobalSection(ProjectConfigurationPlatforms) = postSolution
		{705D9A4D-FEC4-4311-83E7-FE13D8126C31}.Debug|x86.ActiveCfg = Debug|x86
		{705D9A4D-FEC4-4311-83E7-FE13D8126C31}.Debug|x86.Build.0 = Debug|x86
		{705D9A4D-FEC4-4311-83E7-FE13D8126C31}.Release|x86.ActiveCfg = Release|x86
		{705D9A4D-FEC4-4311-83E7-FE13D8126C31}.Release|x86.Build.0 = Release|x86
	EndGlobalSection
	GlobalSection(SolutionProperties) = preSolution
		HideSolutionNode = FALSE
	EndGlobalSection
EndGlobal
